// !$*UTF8*$!
{
	archiveVersion = 1;
	classes = {
	};
	objectVersion = 55;
	objects = {

/* Begin PBXBuildFile section */
		6BC9EE272752A857001D95A8 /* WeatherUIApp.swift in Sources */ = {isa = PBXBuildFile; fileRef = 6BC9EE262752A857001D95A8 /* WeatherUIApp.swift */; };
		6BC9EE292752A857001D95A8 /* ContentView.swift in Sources */ = {isa = PBXBuildFile; fileRef = 6BC9EE282752A857001D95A8 /* ContentView.swift */; };
		6BC9EE2B2752A859001D95A8 /* Assets.xcassets in Resources */ = {isa = PBXBuildFile; fileRef = 6BC9EE2A2752A859001D95A8 /* Assets.xcassets */; };
		6BC9EE2E2752A859001D95A8 /* Preview Assets.xcassets in Resources */ = {isa = PBXBuildFile; fileRef = 6BC9EE2D2752A859001D95A8 /* Preview Assets.xcassets */; };
		6BC9EE3B2752AC4E001D95A8 /* API.swift in Sources */ = {isa = PBXBuildFile; fileRef = 6BC9EE3A2752AC4E001D95A8 /* API.swift */; };
		6BC9EE3D2752AC92001D95A8 /* API+Extensions.swift in Sources */ = {isa = PBXBuildFile; fileRef = 6BC9EE3C2752AC92001D95A8 /* API+Extensions.swift */; };
		6BC9EE3F2752AF08001D95A8 /* NetworkManager.swift in Sources */ = {isa = PBXBuildFile; fileRef = 6BC9EE3E2752AF08001D95A8 /* NetworkManager.swift */; };
		6BC9EE412752B2C3001D95A8 /* WeatherRo.swift in Sources */ = {isa = PBXBuildFile; fileRef = 6BC9EE402752B2C3001D95A8 /* WeatherRo.swift */; };
		6BC9EE432752B32C001D95A8 /* Weather.swift in Sources */ = {isa = PBXBuildFile; fileRef = 6BC9EE422752B32C001D95A8 /* Weather.swift */; };
		6BC9EE452752B33C001D95A8 /* WeatherDetail.swift in Sources */ = {isa = PBXBuildFile; fileRef = 6BC9EE442752B33C001D95A8 /* WeatherDetail.swift */; };
		6BC9EE472752B34F001D95A8 /* DailyWeather.swift in Sources */ = {isa = PBXBuildFile; fileRef = 6BC9EE462752B34F001D95A8 /* DailyWeather.swift */; };
		6BC9EE492752B37A001D95A8 /* Temperature.swift in Sources */ = {isa = PBXBuildFile; fileRef = 6BC9EE482752B37A001D95A8 /* Temperature.swift */; };
		6BC9EE4B2752B81F001D95A8 /* CityViewModel.swift in Sources */ = {isa = PBXBuildFile; fileRef = 6BC9EE4A2752B81F001D95A8 /* CityViewModel.swift */; };
		6BC9EE5E2752C0CC001D95A8 /* nightBrokenClouds.json in Resources */ = {isa = PBXBuildFile; fileRef = 6BC9EE4C2752C0CB001D95A8 /* nightBrokenClouds.json */; };
		6BC9EE5F2752C0CC001D95A8 /* dayShowerRains.json in Resources */ = {isa = PBXBuildFile; fileRef = 6BC9EE4D2752C0CB001D95A8 /* dayShowerRains.json */; };
		6BC9EE602752C0CC001D95A8 /* nightShowerRains.json in Resources */ = {isa = PBXBuildFile; fileRef = 6BC9EE4E2752C0CB001D95A8 /* nightShowerRains.json */; };
		6BC9EE612752C0CC001D95A8 /* dayThunderstorm.json in Resources */ = {isa = PBXBuildFile; fileRef = 6BC9EE4F2752C0CB001D95A8 /* dayThunderstorm.json */; };
		6BC9EE622752C0CC001D95A8 /* nightMist.json in Resources */ = {isa = PBXBuildFile; fileRef = 6BC9EE502752C0CB001D95A8 /* nightMist.json */; };
		6BC9EE632752C0CC001D95A8 /* dayClearSky.json in Resources */ = {isa = PBXBuildFile; fileRef = 6BC9EE512752C0CB001D95A8 /* dayClearSky.json */; };
		6BC9EE642752C0CC001D95A8 /* dayBrokenClouds.json in Resources */ = {isa = PBXBuildFile; fileRef = 6BC9EE522752C0CB001D95A8 /* dayBrokenClouds.json */; };
		6BC9EE652752C0CC001D95A8 /* nightScatteredClouds.json in Resources */ = {isa = PBXBuildFile; fileRef = 6BC9EE532752C0CB001D95A8 /* nightScatteredClouds.json */; };
		6BC9EE662752C0CC001D95A8 /* nightFewClouds.json in Resources */ = {isa = PBXBuildFile; fileRef = 6BC9EE542752C0CB001D95A8 /* nightFewClouds.json */; };
		6BC9EE672752C0CC001D95A8 /* dayScatteredClouds.json in Resources */ = {isa = PBXBuildFile; fileRef = 6BC9EE552752C0CC001D95A8 /* dayScatteredClouds.json */; };
		6BC9EE682752C0CC001D95A8 /* dayMist.json in Resources */ = {isa = PBXBuildFile; fileRef = 6BC9EE562752C0CC001D95A8 /* dayMist.json */; };
		6BC9EE692752C0CC001D95A8 /* daySnow.json in Resources */ = {isa = PBXBuildFile; fileRef = 6BC9EE572752C0CC001D95A8 /* daySnow.json */; };
		6BC9EE6A2752C0CC001D95A8 /* dayFewClouds.json in Resources */ = {isa = PBXBuildFile; fileRef = 6BC9EE582752C0CC001D95A8 /* dayFewClouds.json */; };
		6BC9EE6B2752C0CC001D95A8 /* nightRain.json in Resources */ = {isa = PBXBuildFile; fileRef = 6BC9EE592752C0CC001D95A8 /* nightRain.json */; };
		6BC9EE6C2752C0CC001D95A8 /* nightSnow.json in Resources */ = {isa = PBXBuildFile; fileRef = 6BC9EE5A2752C0CC001D95A8 /* nightSnow.json */; };
		6BC9EE6D2752C0CC001D95A8 /* nightClearSky.json in Resources */ = {isa = PBXBuildFile; fileRef = 6BC9EE5B2752C0CC001D95A8 /* nightClearSky.json */; };
		6BC9EE6E2752C0CC001D95A8 /* dayRain.json in Resources */ = {isa = PBXBuildFile; fileRef = 6BC9EE5C2752C0CC001D95A8 /* dayRain.json */; };
		6BC9EE6F2752C0CC001D95A8 /* nightThunderstorm.json in Resources */ = {isa = PBXBuildFile; fileRef = 6BC9EE5D2752C0CC001D95A8 /* nightThunderstorm.json */; };
		6BC9EE722752C31B001D95A8 /* Lottie in Frameworks */ = {isa = PBXBuildFile; productRef = 6BC9EE712752C31B001D95A8 /* Lottie */; };
		6BC9EE742752C364001D95A8 /* LottieView.swift in Sources */ = {isa = PBXBuildFile; fileRef = 6BC9EE732752C364001D95A8 /* LottieView.swift */; };
/* End PBXBuildFile section */

/* Begin PBXFileReference section */
		6BC9EE232752A857001D95A8 /* WeatherUI.app */ = {isa = PBXFileReference; explicitFileType = wrapper.application; includeInIndex = 0; path = WeatherUI.app; sourceTree = BUILT_PRODUCTS_DIR; };
		6BC9EE262752A857001D95A8 /* WeatherUIApp.swift */ = {isa = PBXFileReference; lastKnownFileType = sourcecode.swift; path = WeatherUIApp.swift; sourceTree = "<group>"; };
		6BC9EE282752A857001D95A8 /* ContentView.swift */ = {isa = PBXFileReference; lastKnownFileType = sourcecode.swift; path = ContentView.swift; sourceTree = "<group>"; };
		6BC9EE2A2752A859001D95A8 /* Assets.xcassets */ = {isa = PBXFileReference; lastKnownFileType = folder.assetcatalog; path = Assets.xcassets; sourceTree = "<group>"; };
		6BC9EE2D2752A859001D95A8 /* Preview Assets.xcassets */ = {isa = PBXFileReference; lastKnownFileType = folder.assetcatalog; path = "Preview Assets.xcassets"; sourceTree = "<group>"; };
		6BC9EE3A2752AC4E001D95A8 /* API.swift */ = {isa = PBXFileReference; lastKnownFileType = sourcecode.swift; path = API.swift; sourceTree = "<group>"; };
		6BC9EE3C2752AC92001D95A8 /* API+Extensions.swift */ = {isa = PBXFileReference; lastKnownFileType = sourcecode.swift; path = "API+Extensions.swift"; sourceTree = "<group>"; };
		6BC9EE3E2752AF08001D95A8 /* NetworkManager.swift */ = {isa = PBXFileReference; lastKnownFileType = sourcecode.swift; path = NetworkManager.swift; sourceTree = "<group>"; };
		6BC9EE402752B2C3001D95A8 /* WeatherRo.swift */ = {isa = PBXFileReference; lastKnownFileType = sourcecode.swift; path = WeatherRo.swift; sourceTree = "<group>"; };
		6BC9EE422752B32C001D95A8 /* Weather.swift */ = {isa = PBXFileReference; lastKnownFileType = sourcecode.swift; path = Weather.swift; sourceTree = "<group>"; };
		6BC9EE442752B33C001D95A8 /* WeatherDetail.swift */ = {isa = PBXFileReference; lastKnownFileType = sourcecode.swift; path = WeatherDetail.swift; sourceTree = "<group>"; };
		6BC9EE462752B34F001D95A8 /* DailyWeather.swift */ = {isa = PBXFileReference; lastKnownFileType = sourcecode.swift; path = DailyWeather.swift; sourceTree = "<group>"; };
		6BC9EE482752B37A001D95A8 /* Temperature.swift */ = {isa = PBXFileReference; lastKnownFileType = sourcecode.swift; path = Temperature.swift; sourceTree = "<group>"; };
		6BC9EE4A2752B81F001D95A8 /* CityViewModel.swift */ = {isa = PBXFileReference; lastKnownFileType = sourcecode.swift; path = CityViewModel.swift; sourceTree = "<group>"; };
		6BC9EE4C2752C0CB001D95A8 /* nightBrokenClouds.json */ = {isa = PBXFileReference; fileEncoding = 4; lastKnownFileType = text.json; path = nightBrokenClouds.json; sourceTree = "<group>"; };
		6BC9EE4D2752C0CB001D95A8 /* dayShowerRains.json */ = {isa = PBXFileReference; fileEncoding = 4; lastKnownFileType = text.json; path = dayShowerRains.json; sourceTree = "<group>"; };
		6BC9EE4E2752C0CB001D95A8 /* nightShowerRains.json */ = {isa = PBXFileReference; fileEncoding = 4; lastKnownFileType = text.json; path = nightShowerRains.json; sourceTree = "<group>"; };
		6BC9EE4F2752C0CB001D95A8 /* dayThunderstorm.json */ = {isa = PBXFileReference; fileEncoding = 4; lastKnownFileType = text.json; path = dayThunderstorm.json; sourceTree = "<group>"; };
		6BC9EE502752C0CB001D95A8 /* nightMist.json */ = {isa = PBXFileReference; fileEncoding = 4; lastKnownFileType = text.json; path = nightMist.json; sourceTree = "<group>"; };
		6BC9EE512752C0CB001D95A8 /* dayClearSky.json */ = {isa = PBXFileReference; fileEncoding = 4; lastKnownFileType = text.json; path = dayClearSky.json; sourceTree = "<group>"; };
		6BC9EE522752C0CB001D95A8 /* dayBrokenClouds.json */ = {isa = PBXFileReference; fileEncoding = 4; lastKnownFileType = text.json; path = dayBrokenClouds.json; sourceTree = "<group>"; };
		6BC9EE532752C0CB001D95A8 /* nightScatteredClouds.json */ = {isa = PBXFileReference; fileEncoding = 4; lastKnownFileType = text.json; path = nightScatteredClouds.json; sourceTree = "<group>"; };
		6BC9EE542752C0CB001D95A8 /* nightFewClouds.json */ = {isa = PBXFileReference; fileEncoding = 4; lastKnownFileType = text.json; path = nightFewClouds.json; sourceTree = "<group>"; };
		6BC9EE552752C0CC001D95A8 /* dayScatteredClouds.json */ = {isa = PBXFileReference; fileEncoding = 4; lastKnownFileType = text.json; path = dayScatteredClouds.json; sourceTree = "<group>"; };
		6BC9EE562752C0CC001D95A8 /* dayMist.json */ = {isa = PBXFileReference; fileEncoding = 4; lastKnownFileType = text.json; path = dayMist.json; sourceTree = "<group>"; };
		6BC9EE572752C0CC001D95A8 /* daySnow.json */ = {isa = PBXFileReference; fileEncoding = 4; lastKnownFileType = text.json; path = daySnow.json; sourceTree = "<group>"; };
		6BC9EE582752C0CC001D95A8 /* dayFewClouds.json */ = {isa = PBXFileReference; fileEncoding = 4; lastKnownFileType = text.json; path = dayFewClouds.json; sourceTree = "<group>"; };
		6BC9EE592752C0CC001D95A8 /* nightRain.json */ = {isa = PBXFileReference; fileEncoding = 4; lastKnownFileType = text.json; path = nightRain.json; sourceTree = "<group>"; };
		6BC9EE5A2752C0CC001D95A8 /* nightSnow.json */ = {isa = PBXFileReference; fileEncoding = 4; lastKnownFileType = text.json; path = nightSnow.json; sourceTree = "<group>"; };
		6BC9EE5B2752C0CC001D95A8 /* nightClearSky.json */ = {isa = PBXFileReference; fileEncoding = 4; lastKnownFileType = text.json; path = nightClearSky.json; sourceTree = "<group>"; };
		6BC9EE5C2752C0CC001D95A8 /* dayRain.json */ = {isa = PBXFileReference; fileEncoding = 4; lastKnownFileType = text.json; path = dayRain.json; sourceTree = "<group>"; };
		6BC9EE5D2752C0CC001D95A8 /* nightThunderstorm.json */ = {isa = PBXFileReference; fileEncoding = 4; lastKnownFileType = text.json; path = nightThunderstorm.json; sourceTree = "<group>"; };
		6BC9EE732752C364001D95A8 /* LottieView.swift */ = {isa = PBXFileReference; fileEncoding = 4; lastKnownFileType = sourcecode.swift; path = LottieView.swift; sourceTree = "<group>"; };
/* End PBXFileReference section */

/* Begin PBXFrameworksBuildPhase section */
		6BC9EE202752A857001D95A8 /* Frameworks */ = {
			isa = PBXFrameworksBuildPhase;
			buildActionMask = 2147483647;
			files = (
				6BC9EE722752C31B001D95A8 /* Lottie in Frameworks */,
			);
			runOnlyForDeploymentPostprocessing = 0;
		};
/* End PBXFrameworksBuildPhase section */

/* Begin PBXGroup section */
		6BC9EE1A2752A857001D95A8 = {
			isa = PBXGroup;
			children = (
				6BC9EE252752A857001D95A8 /* WeatherUI */,
				6BC9EE242752A857001D95A8 /* Products */,
			);
			sourceTree = "<group>";
		};
		6BC9EE242752A857001D95A8 /* Products */ = {
			isa = PBXGroup;
			children = (
				6BC9EE232752A857001D95A8 /* WeatherUI.app */,
			);
			name = Products;
			sourceTree = "<group>";
		};
		6BC9EE252752A857001D95A8 /* WeatherUI */ = {
			isa = PBXGroup;
			children = (
				6BC9EE392752AC02001D95A8 /* LottieAnimations */,
				6BC9EE382752ABF4001D95A8 /* ViewModels */,
				6BC9EE372752ABEB001D95A8 /* Views */,
				6BC9EE362752ABE7001D95A8 /* Models */,
				6BC9EE342752AB9E001D95A8 /* Networking */,
				6BC9EE262752A857001D95A8 /* WeatherUIApp.swift */,
				6BC9EE282752A857001D95A8 /* ContentView.swift */,
				6BC9EE2A2752A859001D95A8 /* Assets.xcassets */,
				6BC9EE2C2752A859001D95A8 /* Preview Content */,
			);
			path = WeatherUI;
			sourceTree = "<group>";
		};
		6BC9EE2C2752A859001D95A8 /* Preview Content */ = {
			isa = PBXGroup;
			children = (
				6BC9EE2D2752A859001D95A8 /* Preview Assets.xcassets */,
			);
			path = "Preview Content";
			sourceTree = "<group>";
		};
		6BC9EE342752AB9E001D95A8 /* Networking */ = {
			isa = PBXGroup;
			children = (
				6BC9EE3A2752AC4E001D95A8 /* API.swift */,
				6BC9EE3C2752AC92001D95A8 /* API+Extensions.swift */,
				6BC9EE3E2752AF08001D95A8 /* NetworkManager.swift */,
			);
			path = Networking;
			sourceTree = "<group>";
		};
		6BC9EE362752ABE7001D95A8 /* Models */ = {
			isa = PBXGroup;
			children = (
				6BC9EE402752B2C3001D95A8 /* WeatherRo.swift */,
				6BC9EE422752B32C001D95A8 /* Weather.swift */,
				6BC9EE442752B33C001D95A8 /* WeatherDetail.swift */,
				6BC9EE462752B34F001D95A8 /* DailyWeather.swift */,
				6BC9EE482752B37A001D95A8 /* Temperature.swift */,
			);
			path = Models;
			sourceTree = "<group>";
		};
		6BC9EE372752ABEB001D95A8 /* Views */ = {
			isa = PBXGroup;
			children = (
				6BC9EE732752C364001D95A8 /* LottieView.swift */,
			);
			path = Views;
			sourceTree = "<group>";
		};
		6BC9EE382752ABF4001D95A8 /* ViewModels */ = {
			isa = PBXGroup;
			children = (
				6BC9EE4A2752B81F001D95A8 /* CityViewModel.swift */,
			);
			path = ViewModels;
			sourceTree = "<group>";
		};
		6BC9EE392752AC02001D95A8 /* LottieAnimations */ = {
			isa = PBXGroup;
			children = (
				6BC9EE522752C0CB001D95A8 /* dayBrokenClouds.json */,
				6BC9EE512752C0CB001D95A8 /* dayClearSky.json */,
				6BC9EE582752C0CC001D95A8 /* dayFewClouds.json */,
				6BC9EE562752C0CC001D95A8 /* dayMist.json */,
				6BC9EE5C2752C0CC001D95A8 /* dayRain.json */,
				6BC9EE552752C0CC001D95A8 /* dayScatteredClouds.json */,
				6BC9EE4D2752C0CB001D95A8 /* dayShowerRains.json */,
				6BC9EE572752C0CC001D95A8 /* daySnow.json */,
				6BC9EE4F2752C0CB001D95A8 /* dayThunderstorm.json */,
				6BC9EE4C2752C0CB001D95A8 /* nightBrokenClouds.json */,
				6BC9EE5B2752C0CC001D95A8 /* nightClearSky.json */,
				6BC9EE542752C0CB001D95A8 /* nightFewClouds.json */,
				6BC9EE502752C0CB001D95A8 /* nightMist.json */,
				6BC9EE592752C0CC001D95A8 /* nightRain.json */,
				6BC9EE532752C0CB001D95A8 /* nightScatteredClouds.json */,
				6BC9EE4E2752C0CB001D95A8 /* nightShowerRains.json */,
				6BC9EE5A2752C0CC001D95A8 /* nightSnow.json */,
				6BC9EE5D2752C0CC001D95A8 /* nightThunderstorm.json */,
			);
			path = LottieAnimations;
			sourceTree = "<group>";
		};
/* End PBXGroup section */

/* Begin PBXNativeTarget section */
		6BC9EE222752A857001D95A8 /* WeatherUI */ = {
			isa = PBXNativeTarget;
			buildConfigurationList = 6BC9EE312752A859001D95A8 /* Build configuration list for PBXNativeTarget "WeatherUI" */;
			buildPhases = (
				6BC9EE1F2752A857001D95A8 /* Sources */,
				6BC9EE202752A857001D95A8 /* Frameworks */,
				6BC9EE212752A857001D95A8 /* Resources */,
			);
			buildRules = (
			);
			dependencies = (
			);
			name = WeatherUI;
			packageProductDependencies = (
				6BC9EE712752C31B001D95A8 /* Lottie */,
			);
			productName = WeatherUI;
			productReference = 6BC9EE232752A857001D95A8 /* WeatherUI.app */;
			productType = "com.apple.product-type.application";
		};
/* End PBXNativeTarget section */

/* Begin PBXProject section */
		6BC9EE1B2752A857001D95A8 /* Project object */ = {
			isa = PBXProject;
			attributes = {
				BuildIndependentTargetsInParallel = 1;
				LastSwiftUpdateCheck = 1310;
				LastUpgradeCheck = 1310;
				TargetAttributes = {
					6BC9EE222752A857001D95A8 = {
						CreatedOnToolsVersion = 13.1;
					};
				};
			};
			buildConfigurationList = 6BC9EE1E2752A857001D95A8 /* Build configuration list for PBXProject "WeatherUI" */;
			compatibilityVersion = "Xcode 13.0";
			developmentRegion = en;
			hasScannedForEncodings = 0;
			knownRegions = (
				en,
				Base,
			);
			mainGroup = 6BC9EE1A2752A857001D95A8;
			packageReferences = (
				6BC9EE702752C31B001D95A8 /* XCRemoteSwiftPackageReference "lottie-ios" */,
			);
			productRefGroup = 6BC9EE242752A857001D95A8 /* Products */;
			projectDirPath = "";
			projectRoot = "";
			targets = (
				6BC9EE222752A857001D95A8 /* WeatherUI */,
			);
		};
/* End PBXProject section */

/* Begin PBXResourcesBuildPhase section */
		6BC9EE212752A857001D95A8 /* Resources */ = {
			isa = PBXResourcesBuildPhase;
			buildActionMask = 2147483647;
			files = (
				6BC9EE652752C0CC001D95A8 /* nightScatteredClouds.json in Resources */,
				6BC9EE2E2752A859001D95A8 /* Preview Assets.xcassets in Resources */,
				6BC9EE682752C0CC001D95A8 /* dayMist.json in Resources */,
				6BC9EE672752C0CC001D95A8 /* dayScatteredClouds.json in Resources */,
				6BC9EE5E2752C0CC001D95A8 /* nightBrokenClouds.json in Resources */,
				6BC9EE5F2752C0CC001D95A8 /* dayShowerRains.json in Resources */,
				6BC9EE662752C0CC001D95A8 /* nightFewClouds.json in Resources */,
				6BC9EE622752C0CC001D95A8 /* nightMist.json in Resources */,
				6BC9EE632752C0CC001D95A8 /* dayClearSky.json in Resources */,
				6BC9EE6C2752C0CC001D95A8 /* nightSnow.json in Resources */,
				6BC9EE602752C0CC001D95A8 /* nightShowerRains.json in Resources */,
				6BC9EE6B2752C0CC001D95A8 /* nightRain.json in Resources */,
				6BC9EE6E2752C0CC001D95A8 /* dayRain.json in Resources */,
				6BC9EE2B2752A859001D95A8 /* Assets.xcassets in Resources */,
				6BC9EE692752C0CC001D95A8 /* daySnow.json in Resources */,
				6BC9EE6F2752C0CC001D95A8 /* nightThunderstorm.json in Resources */,
				6BC9EE6D2752C0CC001D95A8 /* nightClearSky.json in Resources */,
				6BC9EE642752C0CC001D95A8 /* dayBrokenClouds.json in Resources */,
				6BC9EE6A2752C0CC001D95A8 /* dayFewClouds.json in Resources */,
				6BC9EE612752C0CC001D95A8 /* dayThunderstorm.json in Resources */,
			);
			runOnlyForDeploymentPostprocessing = 0;
		};
/* End PBXResourcesBuildPhase section */

/* Begin PBXSourcesBuildPhase section */
		6BC9EE1F2752A857001D95A8 /* Sources */ = {
			isa = PBXSourcesBuildPhase;
			buildActionMask = 2147483647;
			files = (
				6BC9EE3D2752AC92001D95A8 /* API+Extensions.swift in Sources */,
				6BC9EE4B2752B81F001D95A8 /* CityViewModel.swift in Sources */,
				6BC9EE452752B33C001D95A8 /* WeatherDetail.swift in Sources */,
				6BC9EE292752A857001D95A8 /* ContentView.swift in Sources */,
				6BC9EE3F2752AF08001D95A8 /* NetworkManager.swift in Sources */,
				6BC9EE3B2752AC4E001D95A8 /* API.swift in Sources */,
				6BC9EE272752A857001D95A8 /* WeatherUIApp.swift in Sources */,
				6BC9EE412752B2C3001D95A8 /* WeatherRo.swift in Sources */,
				6BC9EE432752B32C001D95A8 /* Weather.swift in Sources */,
				6BC9EE492752B37A001D95A8 /* Temperature.swift in Sources */,
				6BC9EE472752B34F001D95A8 /* DailyWeather.swift in Sources */,
				6BC9EE742752C364001D95A8 /* LottieView.swift in Sources */,
			);
			runOnlyForDeploymentPostprocessing = 0;
		};
/* End PBXSourcesBuildPhase section */

/* Begin XCBuildConfiguration section */
		6BC9EE2F2752A859001D95A8 /* Debug */ = {
			isa = XCBuildConfiguration;
			buildSettings = {
				ALWAYS_SEARCH_USER_PATHS = NO;
				CLANG_ANALYZER_NONNULL = YES;
				CLANG_ANALYZER_NUMBER_OBJECT_CONVERSION = YES_AGGRESSIVE;
				CLANG_CXX_LANGUAGE_STANDARD = "gnu++17";
				CLANG_CXX_LIBRARY = "libc++";
				CLANG_ENABLE_MODULES = YES;
				CLANG_ENABLE_OBJC_ARC = YES;
				CLANG_ENABLE_OBJC_WEAK = YES;
				CLANG_WARN_BLOCK_CAPTURE_AUTORELEASING = YES;
				CLANG_WARN_BOOL_CONVERSION = YES;
				CLANG_WARN_COMMA = YES;
				CLANG_WARN_CONSTANT_CONVERSION = YES;
				CLANG_WARN_DEPRECATED_OBJC_IMPLEMENTATIONS = YES;
				CLANG_WARN_DIRECT_OBJC_ISA_USAGE = YES_ERROR;
				CLANG_WARN_DOCUMENTATION_COMMENTS = YES;
				CLANG_WARN_EMPTY_BODY = YES;
				CLANG_WARN_ENUM_CONVERSION = YES;
				CLANG_WARN_INFINITE_RECURSION = YES;
				CLANG_WARN_INT_CONVERSION = YES;
				CLANG_WARN_NON_LITERAL_NULL_CONVERSION = YES;
				CLANG_WARN_OBJC_IMPLICIT_RETAIN_SELF = YES;
				CLANG_WARN_OBJC_LITERAL_CONVERSION = YES;
				CLANG_WARN_OBJC_ROOT_CLASS = YES_ERROR;
				CLANG_WARN_QUOTED_INCLUDE_IN_FRAMEWORK_HEADER = YES;
				CLANG_WARN_RANGE_LOOP_ANALYSIS = YES;
				CLANG_WARN_STRICT_PROTOTYPES = YES;
				CLANG_WARN_SUSPICIOUS_MOVE = YES;
				CLANG_WARN_UNGUARDED_AVAILABILITY = YES_AGGRESSIVE;
				CLANG_WARN_UNREACHABLE_CODE = YES;
				CLANG_WARN__DUPLICATE_METHOD_MATCH = YES;
				COPY_PHASE_STRIP = NO;
				DEBUG_INFORMATION_FORMAT = dwarf;
				ENABLE_STRICT_OBJC_MSGSEND = YES;
				ENABLE_TESTABILITY = YES;
				GCC_C_LANGUAGE_STANDARD = gnu11;
				GCC_DYNAMIC_NO_PIC = NO;
				GCC_NO_COMMON_BLOCKS = YES;
				GCC_OPTIMIZATION_LEVEL = 0;
				GCC_PREPROCESSOR_DEFINITIONS = (
					"DEBUG=1",
					"$(inherited)",
				);
				GCC_WARN_64_TO_32_BIT_CONVERSION = YES;
				GCC_WARN_ABOUT_RETURN_TYPE = YES_ERROR;
				GCC_WARN_UNDECLARED_SELECTOR = YES;
				GCC_WARN_UNINITIALIZED_AUTOS = YES_AGGRESSIVE;
				GCC_WARN_UNUSED_FUNCTION = YES;
				GCC_WARN_UNUSED_VARIABLE = YES;
				IPHONEOS_DEPLOYMENT_TARGET = 15.0;
				MTL_ENABLE_DEBUG_INFO = INCLUDE_SOURCE;
				MTL_FAST_MATH = YES;
				ONLY_ACTIVE_ARCH = YES;
				SDKROOT = iphoneos;
				SWIFT_ACTIVE_COMPILATION_CONDITIONS = DEBUG;
				SWIFT_OPTIMIZATION_LEVEL = "-Onone";
			};
			name = Debug;
		};
		6BC9EE302752A859001D95A8 /* Release */ = {
			isa = XCBuildConfiguration;
			buildSettings = {
				ALWAYS_SEARCH_USER_PATHS = NO;
				CLANG_ANALYZER_NONNULL = YES;
				CLANG_ANALYZER_NUMBER_OBJECT_CONVERSION = YES_AGGRESSIVE;
				CLANG_CXX_LANGUAGE_STANDARD = "gnu++17";
				CLANG_CXX_LIBRARY = "libc++";
				CLANG_ENABLE_MODULES = YES;
				CLANG_ENABLE_OBJC_ARC = YES;
				CLANG_ENABLE_OBJC_WEAK = YES;
				CLANG_WARN_BLOCK_CAPTURE_AUTORELEASING = YES;
				CLANG_WARN_BOOL_CONVERSION = YES;
				CLANG_WARN_COMMA = YES;
				CLANG_WARN_CONSTANT_CONVERSION = YES;
				CLANG_WARN_DEPRECATED_OBJC_IMPLEMENTATIONS = YES;
				CLANG_WARN_DIRECT_OBJC_ISA_USAGE = YES_ERROR;
				CLANG_WARN_DOCUMENTATION_COMMENTS = YES;
				CLANG_WARN_EMPTY_BODY = YES;
				CLANG_WARN_ENUM_CONVERSION = YES;
				CLANG_WARN_INFINITE_RECURSION = YES;
				CLANG_WARN_INT_CONVERSION = YES;
				CLANG_WARN_NON_LITERAL_NULL_CONVERSION = YES;
				CLANG_WARN_OBJC_IMPLICIT_RETAIN_SELF = YES;
				CLANG_WARN_OBJC_LITERAL_CONVERSION = YES;
				CLANG_WARN_OBJC_ROOT_CLASS = YES_ERROR;
				CLANG_WARN_QUOTED_INCLUDE_IN_FRAMEWORK_HEADER = YES;
				CLANG_WARN_RANGE_LOOP_ANALYSIS = YES;
				CLANG_WARN_STRICT_PROTOTYPES = YES;
				CLANG_WARN_SUSPICIOUS_MOVE = YES;
				CLANG_WARN_UNGUARDED_AVAILABILITY = YES_AGGRESSIVE;
				CLANG_WARN_UNREACHABLE_CODE = YES;
				CLANG_WARN__DUPLICATE_METHOD_MATCH = YES;
				COPY_PHASE_STRIP = NO;
				DEBUG_INFORMATION_FORMAT = "dwarf-with-dsym";
				ENABLE_NS_ASSERTIONS = NO;
				ENABLE_STRICT_OBJC_MSGSEND = YES;
				GCC_C_LANGUAGE_STANDARD = gnu11;
				GCC_NO_COMMON_BLOCKS = YES;
				GCC_WARN_64_TO_32_BIT_CONVERSION = YES;
				GCC_WARN_ABOUT_RETURN_TYPE = YES_ERROR;
				GCC_WARN_UNDECLARED_SELECTOR = YES;
				GCC_WARN_UNINITIALIZED_AUTOS = YES_AGGRESSIVE;
				GCC_WARN_UNUSED_FUNCTION = YES;
				GCC_WARN_UNUSED_VARIABLE = YES;
				IPHONEOS_DEPLOYMENT_TARGET = 15.0;
				MTL_ENABLE_DEBUG_INFO = NO;
				MTL_FAST_MATH = YES;
				SDKROOT = iphoneos;
				SWIFT_COMPILATION_MODE = wholemodule;
				SWIFT_OPTIMIZATION_LEVEL = "-O";
				VALIDATE_PRODUCT = YES;
			};
			name = Release;
		};
		6BC9EE322752A859001D95A8 /* Debug */ = {
			isa = XCBuildConfiguration;
			buildSettings = {
				ASSETCATALOG_COMPILER_APPICON_NAME = AppIcon;
				ASSETCATALOG_COMPILER_GLOBAL_ACCENT_COLOR_NAME = AccentColor;
				CODE_SIGN_STYLE = Automatic;
				CURRENT_PROJECT_VERSION = 1;
				DEVELOPMENT_ASSET_PATHS = "\"WeatherUI/Preview Content\"";
				DEVELOPMENT_TEAM = L2PAJC487U;
				ENABLE_PREVIEWS = YES;
				GENERATE_INFOPLIST_FILE = YES;
				INFOPLIST_KEY_UIApplicationSceneManifest_Generation = YES;
				INFOPLIST_KEY_UIApplicationSupportsIndirectInputEvents = YES;
				INFOPLIST_KEY_UILaunchScreen_Generation = YES;
				INFOPLIST_KEY_UISupportedInterfaceOrientations_iPad = "UIInterfaceOrientationPortrait UIInterfaceOrientationPortraitUpsideDown UIInterfaceOrientationLandscapeLeft UIInterfaceOrientationLandscapeRight";
				INFOPLIST_KEY_UISupportedInterfaceOrientations_iPhone = "UIInterfaceOrientationPortrait UIInterfaceOrientationLandscapeLeft UIInterfaceOrientationLandscapeRight";
				LD_RUNPATH_SEARCH_PATHS = (
					"$(inherited)",
					"@executable_path/Frameworks",
				);
				MARKETING_VERSION = 1.0;
				PRODUCT_BUNDLE_IDENTIFIER = kslff.WeatherUI;
				PRODUCT_NAME = "$(TARGET_NAME)";
				SWIFT_EMIT_LOC_STRINGS = YES;
				SWIFT_VERSION = 5.0;
				TARGETED_DEVICE_FAMILY = "1,2";
			};
			name = Debug;
		};
		6BC9EE332752A859001D95A8 /* Release */ = {
			isa = XCBuildConfiguration;
			buildSettings = {
				ASSETCATALOG_COMPILER_APPICON_NAME = AppIcon;
				ASSETCATALOG_COMPILER_GLOBAL_ACCENT_COLOR_NAME = AccentColor;
				CODE_SIGN_STYLE = Automatic;
				CURRENT_PROJECT_VERSION = 1;
				DEVELOPMENT_ASSET_PATHS = "\"WeatherUI/Preview Content\"";
				DEVELOPMENT_TEAM = L2PAJC487U;
				ENABLE_PREVIEWS = YES;
				GENERATE_INFOPLIST_FILE = YES;
				INFOPLIST_KEY_UIApplicationSceneManifest_Generation = YES;
				INFOPLIST_KEY_UIApplicationSupportsIndirectInputEvents = YES;
				INFOPLIST_KEY_UILaunchScreen_Generation = YES;
				INFOPLIST_KEY_UISupportedInterfaceOrientations_iPad = "UIInterfaceOrientationPortrait UIInterfaceOrientationPortraitUpsideDown UIInterfaceOrientationLandscapeLeft UIInterfaceOrientationLandscapeRight";
				INFOPLIST_KEY_UISupportedInterfaceOrientations_iPhone = "UIInterfaceOrientationPortrait UIInterfaceOrientationLandscapeLeft UIInterfaceOrientationLandscapeRight";
				LD_RUNPATH_SEARCH_PATHS = (
					"$(inherited)",
					"@executable_path/Frameworks",
				);
				MARKETING_VERSION = 1.0;
				PRODUCT_BUNDLE_IDENTIFIER = kslff.WeatherUI;
				PRODUCT_NAME = "$(TARGET_NAME)";
				SWIFT_EMIT_LOC_STRINGS = YES;
				SWIFT_VERSION = 5.0;
				TARGETED_DEVICE_FAMILY = "1,2";
			};
			name = Release;
		};
/* End XCBuildConfiguration section */

/* Begin XCConfigurationList section */
		6BC9EE1E2752A857001D95A8 /* Build configuration list for PBXProject "WeatherUI" */ = {
			isa = XCConfigurationList;
			buildConfigurations = (
				6BC9EE2F2752A859001D95A8 /* Debug */,
				6BC9EE302752A859001D95A8 /* Release */,
			);
			defaultConfigurationIsVisible = 0;
			defaultConfigurationName = Release;
		};
		6BC9EE312752A859001D95A8 /* Build configuration list for PBXNativeTarget "WeatherUI" */ = {
			isa = XCConfigurationList;
			buildConfigurations = (
				6BC9EE322752A859001D95A8 /* Debug */,
				6BC9EE332752A859001D95A8 /* Release */,
			);
			defaultConfigurationIsVisible = 0;
			defaultConfigurationName = Release;
		};
/* End XCConfigurationList section */

/* Begin XCRemoteSwiftPackageReference section */
		6BC9EE702752C31B001D95A8 /* XCRemoteSwiftPackageReference "lottie-ios" */ = {
			isa = XCRemoteSwiftPackageReference;
			repositoryURL = "https://github.com/airbnb/lottie-ios";
			requirement = {
				kind = upToNextMajorVersion;
				minimumVersion = 3.0.0;
			};
		};
/* End XCRemoteSwiftPackageReference section */

/* Begin XCSwiftPackageProductDependency section */
		6BC9EE712752C31B001D95A8 /* Lottie */ = {
			isa = XCSwiftPackageProductDependency;
			package = 6BC9EE702752C31B001D95A8 /* XCRemoteSwiftPackageReference "lottie-ios" */;
			productName = Lottie;
		};
/* End XCSwiftPackageProductDependency section */
	};
	rootObject = 6BC9EE1B2752A857001D95A8 /* Project object */;
}
